# @generated - this file is auto-generated by `mise lock` https://mise.jdx.dev/dev-tools/mise-lock.html

[[tools.1password-cli]]
version = "2.39.0"
backend = "vfox:1password-cli"

[tools.1password-cli."platforms.linux-arm64"]
url = "https://cache.agilebits.com/dist/1P/op2/pkg/v2.39.0/op_linux_arm64_v2.39.0.zip"

[tools.1password-cli."platforms.linux-arm64-musl"]
url = "https://cache.agilebits.com/dist/1P/op2/pkg/v2.39.0/op_linux_arm64_v2.39.0.zip"

[tools.1password-cli."platforms.linux-x64"]
url = "https://cache.agilebits.com/dist/1P/op2/pkg/v2.39.0/op_linux_amd64_v2.39.0.zip"

[tools.1password-cli."platforms.linux-x64-musl"]
url = "https://cache.agilebits.com/dist/1P/op2/pkg/v2.39.0/op_linux_amd64_v2.39.0.zip"

[tools.1password-cli."platforms.macos-arm64"]
url = "https://cache.agilebits.com/dist/1P/op2/pkg/v2.39.0/op_darwin_arm64_v2.39.0.zip"

[tools.1password-cli."platforms.macos-x64"]
url = "https://cache.agilebits.com/dist/1P/op2/pkg/v2.39.0/op_darwin_amd64_v2.39.0.zip"

[tools.1password-cli."platforms.windows-x64"]
url = "https://cache.agilebits.com/dist/1P/op2/pkg/v2.39.0/op_windows_amd64_v2.39.0.zip"

[[tools.opentofu]]
version = "1.12.6"
backend = "aqua:opentofu/opentofu"

[tools.opentofu."platforms.linux-arm64"]
checksum = "sha256:9bd0228a81bcd0c88f7045c74378f45a815779f19897191dff7d9efba9976b9e"
url = "https://github.com/opentofu/opentofu/releases/download/v1.12.6/tofu_1.12.6_linux_arm64.tar.gz"
url_api = "https://api.github.com/repos/opentofu/opentofu/releases/assets/520762688"

[tools.opentofu."platforms.linux-arm64-musl"]
checksum = "sha256:9bd0228a81bcd0c88f7045c74378f45a815779f19897191dff7d9efba9976b9e"
url = "https://github.com/opentofu/opentofu/releases/download/v1.12.6/tofu_1.12.6_linux_arm64.tar.gz"
url_api = "https://api.github.com/repos/opentofu/opentofu/releases/assets/520762688"

[tools.opentofu."platforms.linux-x64"]
checksum = "sha256:50a6106fa4de523d09c87af85f3db1dd47535fc005727fdca6852146476b88ec"
url = "https://github.com/opentofu/opentofu/releases/download/v1.12.6/tofu_1.12.6_linux_amd64.tar.gz"
url_api = "https://api.github.com/repos/opentofu/opentofu/releases/assets/520762723"

[tools.opentofu."platforms.linux-x64-musl"]
checksum = "sha256:50a6106fa4de523d09c87af85f3db1dd47535fc005727fdca6852146476b88ec"
url = "https://github.com/opentofu/opentofu/releases/download/v1.12.6/tofu_1.12.6_linux_amd64.tar.gz"
url_api = "https://api.github.com/repos/opentofu/opentofu/releases/assets/520762723"

[tools.opentofu."platforms.macos-arm64"]
checksum = "sha256:f958ec5e511063be9feb180ca015a4cb7977566a9cf6a8550bba8c2a9b5aba74"
url = "https://github.com/opentofu/opentofu/releases/download/v1.12.6/tofu_1.12.6_darwin_arm64.tar.gz"
url_api = "https://api.github.com/repos/opentofu/opentofu/releases/assets/520762710"

[tools.opentofu."platforms.macos-x64"]
checksum = "sha256:44bb1855f372f17f365fb94517906e78da5001da10f4c98de57a39bf982f3a92"
url = "https://github.com/opentofu/opentofu/releases/download/v1.12.6/tofu_1.12.6_darwin_amd64.tar.gz"
url_api = "https://api.github.com/repos/opentofu/opentofu/releases/assets/520762655"

[tools.opentofu."platforms.windows-x64"]
checksum = "sha256:bcbcd9ca744af6c4053e2d5e75dae79ff33ad7dc38d45e1233e693d096284538"
url = "https://github.com/opentofu/opentofu/releases/download/v1.12.6/tofu_1.12.6_windows_amd64.tar.gz"
url_api = "https://api.github.com/repos/opentofu/opentofu/releases/assets/520762708"

[[tools.rclone]]
version = "1.75.0"
backend = "aqua:rclone/rclone"

[tools.rclone."platforms.linux-arm64"]
checksum = "sha256:d0ad88ba4c8e285b7c9efa591e0ab643280a91741e13c27f3a9c0957ccfa5203"
url = "https://github.com/rclone/rclone/releases/download/v1.75.0/rclone-v1.75.0-linux-arm64.zip"
url_api = "https://api.github.com/repos/rclone/rclone/releases/assets/496933638"

[tools.rclone."platforms.linux-arm64-musl"]
checksum = "sha256:d0ad88ba4c8e285b7c9efa591e0ab643280a91741e13c27f3a9c0957ccfa5203"
url = "https://github.com/rclone/rclone/releases/download/v1.75.0/rclone-v1.75.0-linux-arm64.zip"
url_api = "https://api.github.com/repos/rclone/rclone/releases/assets/496933638"

[tools.rclone."platforms.linux-x64"]
checksum = "sha256:aa2804e08f48250e71009c727124b6341cd0288465804a9a09d14663cabafbaa"
url = "https://github.com/rclone/rclone/releases/download/v1.75.0/rclone-v1.75.0-linux-amd64.zip"
url_api = "https://api.github.com/repos/rclone/rclone/releases/assets/496932792"

[tools.rclone."platforms.linux-x64-musl"]
checksum = "sha256:aa2804e08f48250e71009c727124b6341cd0288465804a9a09d14663cabafbaa"
url = "https://github.com/rclone/rclone/releases/download/v1.75.0/rclone-v1.75.0-linux-amd64.zip"
url_api = "https://api.github.com/repos/rclone/rclone/releases/assets/496932792"

[tools.rclone."platforms.macos-arm64"]
checksum = "sha256:35e8f2a666ce789b29111db0dd843ddabc0d59c6b609d07bcaae5d1a07cba6f8"
url = "https://github.com/rclone/rclone/releases/download/v1.75.0/rclone-v1.75.0-osx-arm64.zip"
url_api = "https://api.github.com/repos/rclone/rclone/releases/assets/496939862"

[tools.rclone."platforms.macos-x64"]
checksum = "sha256:19edbb8e5e73096eb66e92a42abbc5c34bfa8981ea3986a53872c7eef85a22f4"
url = "https://github.com/rclone/rclone/releases/download/v1.75.0/rclone-v1.75.0-osx-amd64.zip"
url_api = "https://api.github.com/repos/rclone/rclone/releases/assets/496939574"

[tools.rclone."platforms.windows-x64"]
checksum = "sha256:203581f0a7baeae873f2347483a798c79e2eaf5c384a4e9d866aa374f1c89ac0"
url = "https://github.com/rclone/rclone/releases/download/v1.75.0/rclone-v1.75.0-windows-amd64.zip"
url_api = "https://api.github.com/repos/rclone/rclone/releases/assets/496941642"

[[tools.terragrunt]]
version = "0.83.0"
backend = "aqua:gruntwork-io/terragrunt"

[tools.terragrunt."platforms.linux-arm64"]
checksum = "sha256:a24f1defb8f2d2493d2901739506fee0f08532e95df1a7625a63b9122be60e25"
url = "https://github.com/gruntwork-io/terragrunt/releases/download/v0.83.0/terragrunt_linux_arm64"
url_api = "https://api.github.com/repos/gruntwork-io/terragrunt/releases/assets/269983545"

[tools.terragrunt."platforms.linux-arm64-musl"]
checksum = "sha256:a24f1defb8f2d2493d2901739506fee0f08532e95df1a7625a63b9122be60e25"
url = "https://github.com/gruntwork-io/terragrunt/releases/download/v0.83.0/terragrunt_linux_arm64"
url_api = "https://api.github.com/repos/gruntwork-io/terragrunt/releases/assets/269983545"

[tools.terragrunt."platforms.linux-x64"]
checksum = "sha256:77347a0e801e58b7dbbc5111aa1ef0059db91dd8847fb735e6a73f50d132e723"
url = "https://github.com/gruntwork-io/terragrunt/releases/download/v0.83.0/terragrunt_linux_amd64"
url_api = "https://api.github.com/repos/gruntwork-io/terragrunt/releases/assets/269983543"

[tools.terragrunt."platforms.linux-x64-musl"]
checksum = "sha256:77347a0e801e58b7dbbc5111aa1ef0059db91dd8847fb735e6a73f50d132e723"
url = "https://github.com/gruntwork-io/terragrunt/releases/download/v0.83.0/terragrunt_linux_amd64"
url_api = "https://api.github.com/repos/gruntwork-io/terragrunt/releases/assets/269983543"

[tools.terragrunt."platforms.macos-arm64"]
checksum = "sha256:a98856a1565a8ffdacc6f6ce090750a86e8bc1f6a43600e96cea0c866701c7b0"
url = "https://github.com/gruntwork-io/terragrunt/releases/download/v0.83.0/terragrunt_darwin_arm64"
url_api = "https://api.github.com/repos/gruntwork-io/terragrunt/releases/assets/269983501"

[tools.terragrunt."platforms.macos-x64"]
checksum = "sha256:04c2c90348c674e2e93f202d640f42ed3f7d3c6a637bc8465efe5248764f3c4a"
url = "https://github.com/gruntwork-io/terragrunt/releases/download/v0.83.0/terragrunt_darwin_amd64"
url_api = "https://api.github.com/repos/gruntwork-io/terragrunt/releases/assets/269983496"

[tools.terragrunt."platforms.windows-x64"]
checksum = "sha256:99b35a84c9354e896fe744274cf3834b6e455770ca3a39abb6b7af81c34928dc"
url = "https://github.com/gruntwork-io/terragrunt/releases/download/v0.83.0/terragrunt_windows_amd64.exe"
url_api = "https://api.github.com/repos/gruntwork-io/terragrunt/releases/assets/269983552"
